
Microsoft Visual Studio Solution File, Format Version 12.00
# Visual Studio Version 18
VisualStudioVersion = 18.3.11512.155 d18.3
MinimumVisualStudioVersion = 10.0.40219.1
Project("{FAE04EC0-301F-11D3-BF4B-00C04F79EFBC}") = "GranaFacil", "Cashflowr\GranaFacil.csproj", "{815C27D8-BC8C-4D7B-8ACF-50FF0C9C7CC8}"
EndProject
Global
	GlobalSection(SolutionConfigurationPlatforms) = preSolution
		Debug|Any CPU = Debug|Any CPU
		Release|Any CPU = Release|Any CPU
	EndGlobalSection
	GlobalSection(ProjectConfigurationPlatforms) = postSolution
		{815C27D8-BC8C-4D7B-8ACF-50FF0C9C7CC8}.Debug|Any CPU.ActiveCfg = Debug|Any CPU
		{815C27D8-BC8C-4D7B-8ACF-50FF0C9C7CC8}.Debug|Any CPU.Build.0 = Debug|Any CPU
		{815C27D8-BC8C-4D7B-8ACF-50FF0C9C7CC8}.Release|Any CPU.ActiveCfg = Release|Any CPU
		{815C27D8-BC8C-4D7B-8ACF-50FF0C9C7CC8}.Release|Any CPU.Build.0 = Release|Any CPU
	EndGlobalSection
	GlobalSection(SolutionProperties) = preSolution
		HideSolutionNode = FALSE
	EndGlobalSection
	GlobalSection(ExtensibilityGlobals) = postSolution
		SolutionGuid = {C4183C22-F48C-4FBB-9890-1EE65C58A05B}
	EndGlobalSection
EndGlobal
